
Microsoft Visual Studio Solution File, Format Version 12.00
# Visual Studio Version 17
VisualStudioVersion = 17.3.32804.467
MinimumVisualStudioVersion = 10.0.40219.1
Project("{FAE04EC0-301F-11D3-BF4B-00C04F79EFBC}") = "MuscleGain", "MuscleGain\MuscleGain.csproj", "{B011DCD5-E520-4990-9A95-DE74F1A30DF1}"
EndProject
Project("{FAE04EC0-301F-11D3-BF4B-00C04F79EFBC}") = "MuscleGain.Core", "MuscleGain.Core\MuscleGain.Core.csproj", "{BE10BE59-818A-489B-AACE-B2737D97BCB5}"
EndProject
Project("{FAE04EC0-301F-11D3-BF4B-00C04F79EFBC}") = "MuscleGain.Infrastructure", "MuscleGain.Infrastructure\MuscleGain.Infrastructure.csproj", "{051BDBAF-A312-4DB3-964B-10D6FFDCCD77}"
EndProject
Global
	GlobalSection(SolutionConfigurationPlatforms) = preSolution
		Debug|Any CPU = Debug|Any CPU
		Release|Any CPU = Release|Any CPU
	EndGlobalSection
	GlobalSection(ProjectConfigurationPlatforms) = postSolution
		{B011DCD5-E520-4990-9A95-DE74F1A30DF1}.Debug|Any CPU.ActiveCfg = Debug|Any CPU
		{B011DCD5-E520-4990-9A95-DE74F1A30DF1}.Debug|Any CPU.Build.0 = Debug|Any CPU
		{B011DCD5-E520-4990-9A95-DE74F1A30DF1}.Release|Any CPU.ActiveCfg = Release|Any CPU
		{B011DCD5-E520-4990-9A95-DE74F1A30DF1}.Release|Any CPU.Build.0 = Release|Any CPU
		{BE10BE59-818A-489B-AACE-B2737D97BCB5}.Debug|Any CPU.ActiveCfg = Debug|Any CPU
		{BE10BE59-818A-489B-AACE-B2737D97BCB5}.Debug|Any CPU.Build.0 = Debug|Any CPU
		{BE10BE59-818A-489B-AACE-B2737D97BCB5}.Release|Any CPU.ActiveCfg = Release|Any CPU
		{BE10BE59-818A-489B-AACE-B2737D97BCB5}.Release|Any CPU.Build.0 = Release|Any CPU
		{051BDBAF-A312-4DB3-964B-10D6FFDCCD77}.Debug|Any CPU.ActiveCfg = Debug|Any CPU
		{051BDBAF-A312-4DB3-964B-10D6FFDCCD77}.Debug|Any CPU.Build.0 = Debug|Any CPU
		{051BDBAF-A312-4DB3-964B-10D6FFDCCD77}.Release|Any CPU.ActiveCfg = Release|Any CPU
		{051BDBAF-A312-4DB3-964B-10D6FFDCCD77}.Release|Any CPU.Build.0 = Release|Any CPU
	EndGlobalSection
	GlobalSection(SolutionProperties) = preSolution
		HideSolutionNode = FALSE
	EndGlobalSection
	GlobalSection(ExtensibilityGlobals) = postSolution
		SolutionGuid = {11062E49-B11E-4D7E-8D09-98AAD6791B77}
	EndGlobalSection
EndGlobal
